
Microsoft Visual Studio Solution File, Format Version 12.00
# Visual Studio Version 16
VisualStudioVersion = 16.0.29728.190
MinimumVisualStudioVersion = 10.0.40219.1
Project("{FAE04EC0-301F-11D3-BF4B-00C04F79EFBC}") = "卦辞爻辞查询", "卦辞爻辞查询\卦辞爻辞查询.csproj", "{676666C6-DE23-40F0-B952-30CE99F030D1}"
EndProject
Global
	GlobalSection(SolutionConfigurationPlatforms) = preSolution
		Debug|Any CPU = Debug|Any CPU
		Release|Any CPU = Release|Any CPU
	EndGlobalSection
	GlobalSection(ProjectConfigurationPlatforms) = postSolution
		{676666C6-DE23-40F0-B952-30CE99F030D1}.Debug|Any CPU.ActiveCfg = Debug|Any CPU
		{676666C6-DE23-40F0-B952-30CE99F030D1}.Debug|Any CPU.Build.0 = Debug|Any CPU
		{676666C6-DE23-40F0-B952-30CE99F030D1}.Release|Any CPU.ActiveCfg = Release|Any CPU
		{676666C6-DE23-40F0-B952-30CE99F030D1}.Release|Any CPU.Build.0 = Release|Any CPU
	EndGlobalSection
	GlobalSection(SolutionProperties) = preSolution
		HideSolutionNode = FALSE
	EndGlobalSection
	GlobalSection(ExtensibilityGlobals) = postSolution
		SolutionGuid = {932DE44B-810C-4549-886A-99385F00ED76}
	EndGlobalSection
EndGlobal
